
Microsoft Visual Studio Solution File, Format Version 12.00
# Visual Studio 2013
Project("{8BC9CEB8-8B4A-11D0-8D11-00A0C91BC942}") = "DelqaTrack", "DelqaTrack.vcxproj", "{FFD3A802-2956-4BCA-8DD6-D8BB7F58221D}"
EndProject
Global
	GlobalSection(SolutionConfigurationPlatforms) = preSolution
		Debug|Win32 = Debug|Win32
		Release|Win32 = Release|Win32
	EndGlobalSection
	GlobalSection(ProjectConfigurationPlatforms) = postSolution
		{FFD3A802-2956-4BCA-8DD6-D8BB7F58221D}.Debug|Win32.ActiveCfg = Debug|Win32
		{FFD3A802-2956-4BCA-8DD6-D8BB7F58221D}.Debug|Win32.Build.0 = Debug|Win32
		{FFD3A802-2956-4BCA-8DD6-D8BB7F58221D}.Release|Win32.ActiveCfg = Release|Win32
		{FFD3A802-2956-4BCA-8DD6-D8BB7F58221D}.Release|Win32.Build.0 = Release|Win32
	EndGlobalSection
	GlobalSection(SolutionProperties) = preSolution
		HideSolutionNode = FALSE
	EndGlobalSection
EndGlobal
